Microsoft Visual Studio Solution File, Format Version 12.00
# Visual Studio Version 16
VisualStudioVersion = 16.0.29318.209
MinimumVisualStudioVersion = 10.0.40219.1
Project("{9A19103F-16F7-4668-BE54-9A1E7A4F7556}") = "Location Dialog Sample", "samples\Location Dialog Sample\Location Dialog Sample.csproj", "{10BEDE11-C9DE-4B67-9467-4E48272229C6}"
EndProject
Project("{9A19103F-16F7-4668-BE54-9A1E7A4F7556}") = "Google Adapter Sample", "samples\Google Adapter Sample\Google Adapter Sample.csproj", "{3312C17E-01FA-4390-9B8F-6E7733E0B1E7}"
EndProject
Project("{9A19103F-16F7-4668-BE54-9A1E7A4F7556}") = "Form Flow Sample", "samples\Form Flow Sample\Form Flow Sample.csproj", "{B982923B-163B-49FD-960B-0DF5BB6E6562}"
EndProject
Project("{9A19103F-16F7-4668-BE54-9A1E7A4F7556}") = "Cortana Assistant Alexa Sample", "samples\Cortana Assistant Alexa Sample\Cortana Assistant Alexa Sample.csproj", "{2FD06287-25A1-47A6-BB85-2E508E543E66}"
EndProject
Project("{9A19103F-16F7-4668-BE54-9A1E7A4F7556}") = "Twitter Adapter Sample", "samples\Twitter Adapter Sample\Twitter Adapter Sample.csproj", "{036E2C3A-6894-4237-99B7-591D16326602}"
EndProject
Project("{9A19103F-16F7-4668-BE54-9A1E7A4F7556}") = "Luis Dialog Sample", "samples\Luis Dialog Sample\Luis Dialog Sample.csproj", "{37DCBE88-35C6-4253-A470-2CCBC6181D75}"
EndProject
Project("{9A19103F-16F7-4668-BE54-9A1E7A4F7556}") = "Sentiment Middleware Sample", "samples\Sentiment Middleware Sample\Sentiment Middleware Sample.csproj", "{55F863F1-9EC8-420C-9099-BD8378D72F18}"
EndProject
Project("{9A19103F-16F7-4668-BE54-9A1E7A4F7556}") = "ChoiceFlow Dialog Sample", "samples\ChoiceFlow Dialog Sample\ChoiceFlow Dialog Sample.csproj", "{D1C3490D-477A-4D79-A41C-4D15CA9DC183}"
EndProject
Project("{9A19103F-16F7-4668-BE54-9A1E7A4F7556}") = "BestMatch Middleware Sample", "samples\BestMatch Middleware Sample\BestMatch Middleware Sample.csproj", "{8E97F66B-783C-49BC-8625-914EB4D4B3A8}"
EndProject
Project("{9A19103F-16F7-4668-BE54-9A1E7A4F7556}") = "RingCentral Adapter Sample", "samples\RingCentral Adapter Sample\RingCentral Adapter Sample.csproj", "{231952BC-62A6-4D86-82FB-A2A5940EF403}"
EndProject
Project("{9A19103F-16F7-4668-BE54-9A1E7A4F7556}") = "Alexa Adapter Sample", "samples\Alexa Adapter Sample\Alexa Adapter Sample.csproj", "{53BCE929-C57D-4AF9-91C9-FCA5C7E2CE41}"
EndProject
Project("{9A19103F-16F7-4668-BE54-9A1E7A4F7556}") = "Zoom Adapter Sample", "samples\Zoom Adapter Sample\Zoom Adapter Sample.csproj", "{D5F5BFB0-CDEC-4980-9EBB-864724B6B2B6}"
EndProject
Project("{FAE04EC0-301F-11D3-BF4B-00C04F79EFBC}") = "Cards Library Sample", "samples\Cards Library Sample\Cards Library Sample.csproj", "{272CCEF9-4DB1-4AC4-9616-CB6E4DDC436F}"
EndProject
Global
	GlobalSection(SolutionConfigurationPlatforms) = preSolution
		Debug|Any CPU = Debug|Any CPU
		Release|Any CPU = Release|Any CPU
	EndGlobalSection
	GlobalSection(ProjectConfigurationPlatforms) = postSolution
		{10BEDE11-C9DE-4B67-9467-4E48272229C6}.Debug|Any CPU.ActiveCfg = Debug|Any CPU
		{10BEDE11-C9DE-4B67-9467-4E48272229C6}.Debug|Any CPU.Build.0 = Debug|Any CPU
		{10BEDE11-C9DE-4B67-9467-4E48272229C6}.Release|Any CPU.ActiveCfg = Release|Any CPU
		{10BEDE11-C9DE-4B67-9467-4E48272229C6}.Release|Any CPU.Build.0 = Release|Any CPU
		{3312C17E-01FA-4390-9B8F-6E7733E0B1E7}.Debug|Any CPU.ActiveCfg = Debug|Any CPU
		{3312C17E-01FA-4390-9B8F-6E7733E0B1E7}.Debug|Any CPU.Build.0 = Debug|Any CPU
		{3312C17E-01FA-4390-9B8F-6E7733E0B1E7}.Release|Any CPU.ActiveCfg = Release|Any CPU
		{3312C17E-01FA-4390-9B8F-6E7733E0B1E7}.Release|Any CPU.Build.0 = Release|Any CPU
		{B982923B-163B-49FD-960B-0DF5BB6E6562}.Debug|Any CPU.ActiveCfg = Debug|Any CPU
		{B982923B-163B-49FD-960B-0DF5BB6E6562}.Debug|Any CPU.Build.0 = Debug|Any CPU
		{B982923B-163B-49FD-960B-0DF5BB6E6562}.Release|Any CPU.ActiveCfg = Release|Any CPU
		{B982923B-163B-49FD-960B-0DF5BB6E6562}.Release|Any CPU.Build.0 = Release|Any CPU
		{2FD06287-25A1-47A6-BB85-2E508E543E66}.Debug|Any CPU.ActiveCfg = Debug|Any CPU
		{2FD06287-25A1-47A6-BB85-2E508E543E66}.Debug|Any CPU.Build.0 = Debug|Any CPU
		{2FD06287-25A1-47A6-BB85-2E508E543E66}.Release|Any CPU.ActiveCfg = Release|Any CPU
		{2FD06287-25A1-47A6-BB85-2E508E543E66}.Release|Any CPU.Build.0 = Release|Any CPU
		{036E2C3A-6894-4237-99B7-591D16326602}.Debug|Any CPU.ActiveCfg = Debug|Any CPU
		{036E2C3A-6894-4237-99B7-591D16326602}.Debug|Any CPU.Build.0 = Debug|Any CPU
		{036E2C3A-6894-4237-99B7-591D16326602}.Release|Any CPU.ActiveCfg = Release|Any CPU
		{036E2C3A-6894-4237-99B7-591D16326602}.Release|Any CPU.Build.0 = Release|Any CPU
		{37DCBE88-35C6-4253-A470-2CCBC6181D75}.Debug|Any CPU.ActiveCfg = Debug|Any CPU
		{37DCBE88-35C6-4253-A470-2CCBC6181D75}.Debug|Any CPU.Build.0 = Debug|Any CPU
		{37DCBE88-35C6-4253-A470-2CCBC6181D75}.Release|Any CPU.ActiveCfg = Release|Any CPU
		{37DCBE88-35C6-4253-A470-2CCBC6181D75}.Release|Any CPU.Build.0 = Release|Any CPU
		{55F863F1-9EC8-420C-9099-BD8378D72F18}.Debug|Any CPU.ActiveCfg = Debug|Any CPU
		{55F863F1-9EC8-420C-9099-BD8378D72F18}.Debug|Any CPU.Build.0 = Debug|Any CPU
		{55F863F1-9EC8-420C-9099-BD8378D72F18}.Release|Any CPU.ActiveCfg = Release|Any CPU
		{55F863F1-9EC8-420C-9099-BD8378D72F18}.Release|Any CPU.Build.0 = Release|Any CPU
		{D1C3490D-477A-4D79-A41C-4D15CA9DC183}.Debug|Any CPU.ActiveCfg = Debug|Any CPU
		{D1C3490D-477A-4D79-A41C-4D15CA9DC183}.Debug|Any CPU.Build.0 = Debug|Any CPU
		{D1C3490D-477A-4D79-A41C-4D15CA9DC183}.Release|Any CPU.ActiveCfg = Release|Any CPU
		{D1C3490D-477A-4D79-A41C-4D15CA9DC183}.Release|Any CPU.Build.0 = Release|Any CPU
		{8E97F66B-783C-49BC-8625-914EB4D4B3A8}.Debug|Any CPU.ActiveCfg = Debug|Any CPU
		{8E97F66B-783C-49BC-8625-914EB4D4B3A8}.Debug|Any CPU.Build.0 = Debug|Any CPU
		{8E97F66B-783C-49BC-8625-914EB4D4B3A8}.Release|Any CPU.ActiveCfg = Release|Any CPU
		{8E97F66B-783C-49BC-8625-914EB4D4B3A8}.Release|Any CPU.Build.0 = Release|Any CPU
		{231952BC-62A6-4D86-82FB-A2A5940EF403}.Debug|Any CPU.ActiveCfg = Debug|Any CPU
		{231952BC-62A6-4D86-82FB-A2A5940EF403}.Debug|Any CPU.Build.0 = Debug|Any CPU
		{231952BC-62A6-4D86-82FB-A2A5940EF403}.Release|Any CPU.ActiveCfg = Release|Any CPU
		{231952BC-62A6-4D86-82FB-A2A5940EF403}.Release|Any CPU.Build.0 = Release|Any CPU
		{53BCE929-C57D-4AF9-91C9-FCA5C7E2CE41}.Debug|Any CPU.ActiveCfg = Debug|Any CPU
		{53BCE929-C57D-4AF9-91C9-FCA5C7E2CE41}.Debug|Any CPU.Build.0 = Debug|Any CPU
		{53BCE929-C57D-4AF9-91C9-FCA5C7E2CE41}.Release|Any CPU.ActiveCfg = Release|Any CPU
		{53BCE929-C57D-4AF9-91C9-FCA5C7E2CE41}.Release|Any CPU.Build.0 = Release|Any CPU
		{D5F5BFB0-CDEC-4980-9EBB-864724B6B2B6}.Debug|Any CPU.ActiveCfg = Debug|Any CPU
		{D5F5BFB0-CDEC-4980-9EBB-864724B6B2B6}.Debug|Any CPU.Build.0 = Debug|Any CPU
		{D5F5BFB0-CDEC-4980-9EBB-864724B6B2B6}.Release|Any CPU.ActiveCfg = Release|Any CPU
		{D5F5BFB0-CDEC-4980-9EBB-864724B6B2B6}.Release|Any CPU.Build.0 = Release|Any CPU
		{272CCEF9-4DB1-4AC4-9616-CB6E4DDC436F}.Debug|Any CPU.ActiveCfg = Debug|Any CPU
		{272CCEF9-4DB1-4AC4-9616-CB6E4DDC436F}.Debug|Any CPU.Build.0 = Debug|Any CPU
		{272CCEF9-4DB1-4AC4-9616-CB6E4DDC436F}.Release|Any CPU.ActiveCfg = Release|Any CPU
		{272CCEF9-4DB1-4AC4-9616-CB6E4DDC436F}.Release|Any CPU.Build.0 = Release|Any CPU
	EndGlobalSection
	GlobalSection(SolutionProperties) = preSolution
		HideSolutionNode = FALSE
	EndGlobalSection
	GlobalSection(ExtensibilityGlobals) = postSolution
		SolutionGuid = {9FE3B75E-BA2B-45BC-BBF0-DDA8BA10C4F0}
	EndGlobalSection
EndGlobal
