
Microsoft Visual Studio Solution File, Format Version 12.00
# Visual Studio 15
VisualStudioVersion = 15.0.28307.106
MinimumVisualStudioVersion = 10.0.40219.1
Project("{FAE04EC0-301F-11D3-BF4B-00C04F79EFBC}") = "Alexa Adapter Sample", "Alexa Adapter Sample\Alexa Adapter Sample.csproj", "{BB1FE45E-5AE2-4002-8ECB-235BB28BA4A9}"
EndProject
Global
	GlobalSection(SolutionConfigurationPlatforms) = preSolution
		Debug|Any CPU = Debug|Any CPU
		Release|Any CPU = Release|Any CPU
	EndGlobalSection
	GlobalSection(ProjectConfigurationPlatforms) = postSolution
		{BB1FE45E-5AE2-4002-8ECB-235BB28BA4A9}.Debug|Any CPU.ActiveCfg = Debug|Any CPU
		{BB1FE45E-5AE2-4002-8ECB-235BB28BA4A9}.Debug|Any CPU.Build.0 = Debug|Any CPU
		{BB1FE45E-5AE2-4002-8ECB-235BB28BA4A9}.Release|Any CPU.ActiveCfg = Release|Any CPU
		{BB1FE45E-5AE2-4002-8ECB-235BB28BA4A9}.Release|Any CPU.Build.0 = Release|Any CPU
	EndGlobalSection
	GlobalSection(SolutionProperties) = preSolution
		HideSolutionNode = FALSE
	EndGlobalSection
	GlobalSection(ExtensibilityGlobals) = postSolution
		SolutionGuid = {3EC430E1-1959-41BB-9DA6-E2750F0779A3}
	EndGlobalSection
EndGlobal
