
Microsoft Visual Studio Solution File, Format Version 12.00
# Visual Studio Version 16
VisualStudioVersion = 16.0.29324.140
MinimumVisualStudioVersion = 10.0.40219.1
Project("{9A19103F-16F7-4668-BE54-9A1E7A4F7556}") = "Alexa Adapter Sample", "Alexa Adapter Sample.csproj", "{E6951EF8-8632-4773-A82C-4CDB81541C1D}"
EndProject
Global
	GlobalSection(SolutionConfigurationPlatforms) = preSolution
		Debug|Any CPU = Debug|Any CPU
		Release|Any CPU = Release|Any CPU
	EndGlobalSection
	GlobalSection(ProjectConfigurationPlatforms) = postSolution
		{E6951EF8-8632-4773-A82C-4CDB81541C1D}.Debug|Any CPU.ActiveCfg = Debug|Any CPU
		{E6951EF8-8632-4773-A82C-4CDB81541C1D}.Debug|Any CPU.Build.0 = Debug|Any CPU
		{E6951EF8-8632-4773-A82C-4CDB81541C1D}.Release|Any CPU.ActiveCfg = Release|Any CPU
		{E6951EF8-8632-4773-A82C-4CDB81541C1D}.Release|Any CPU.Build.0 = Release|Any CPU
	EndGlobalSection
	GlobalSection(SolutionProperties) = preSolution
		HideSolutionNode = FALSE
	EndGlobalSection
	GlobalSection(ExtensibilityGlobals) = postSolution
		SolutionGuid = {255EC30E-AC3F-4F9D-8D3D-7F8EE6550556}
	EndGlobalSection
EndGlobal
